
Microsoft Visual Studio Solution File, Format Version 12.00
# Visual Studio Version 17
VisualStudioVersion = 17.0.31903.59
MinimumVisualStudioVersion = 10.0.40219.1
Project("{FAE04EC0-301F-11D3-BF4B-00C04F79EFBC}") = "EasyDotnet.IDE", "EasyDotnet.IDE\EasyDotnet.IDE.csproj", "{88F10753-C6CE-42BD-BA96-02D760DF5635}"
EndProject
Project("{FAE04EC0-301F-11D3-BF4B-00C04F79EFBC}") = "EasyDotnet.IntegrationTests", "EasyDotnet.IntegrationTests\EasyDotnet.IntegrationTests.csproj", "{B4204153-D501-42D2-BD80-A9644FE45825}"
EndProject
Project("{FAE04EC0-301F-11D3-BF4B-00C04F79EFBC}") = "EasyDotnet.Infrastructure", "EasyDotnet.Infrastructure\EasyDotnet.Infrastructure.csproj", "{608956D0-940F-4079-929F-57F4BB1E1F38}"
EndProject
Project("{FAE04EC0-301F-11D3-BF4B-00C04F79EFBC}") = "EasyDotnet.Infrastructure.Tests", "EasyDotnet.Infrastructure.Tests\EasyDotnet.Infrastructure.Tests.csproj", "{7AD2FF24-9D01-402E-94E8-9A6B3A6794A1}"
EndProject
Project("{FAE04EC0-301F-11D3-BF4B-00C04F79EFBC}") = "EasyDotnet.Domain", "EasyDotnet.Domain\EasyDotnet.Domain.csproj", "{6A9ECD45-46D6-4242-ADC8-AFB371D0B563}"
EndProject
Project("{FAE04EC0-301F-11D3-BF4B-00C04F79EFBC}") = "EasyDotnet.Application", "EasyDotnet.Application\EasyDotnet.Application.csproj", "{ED47B47E-8B57-4DC6-AE9C-BB33EE914106}"
EndProject
Project("{FAE04EC0-301F-11D3-BF4B-00C04F79EFBC}") = "EasyDotnet.MsBuild", "EasyDotnet.MsBuild\EasyDotnet.MsBuild.csproj", "{950FB188-68CF-411A-917B-C60B91AE894A}"
EndProject
Project("{FAE04EC0-301F-11D3-BF4B-00C04F79EFBC}") = "EasyDotnet.MsBuild.Tests", "EasyDotnet.MsBuild.Tests\EasyDotnet.MsBuild.Tests.csproj", "{0306958F-7A66-4A85-ABF3-B531A4307D46}"
EndProject
Project("{FAE04EC0-301F-11D3-BF4B-00C04F79EFBC}") = "EasyDotnet.Debugger", "EasyDotnet.Debugger\EasyDotnet.Debugger.csproj", "{9D0B8ED4-ECC3-48D3-9B61-844DBF97DC34}"
EndProject
Project("{FAE04EC0-301F-11D3-BF4B-00C04F79EFBC}") = "EasyDotnet.Debugger.Tests", "EasyDotnet.Debugger.Tests\EasyDotnet.Debugger.Tests.csproj", "{776612F7-3EC3-4DAE-9B95-144BCF1094BE}"
EndProject
Project("{FAE04EC0-301F-11D3-BF4B-00C04F79EFBC}") = "EasyDotnet.ProjXLanguageServer", "EasyDotnet.ProjXLanguageServer\EasyDotnet.ProjXLanguageServer.csproj", "{5AB772EA-3A76-41AE-86F1-FB22AFCC0A2D}"
EndProject
Project("{FAE04EC0-301F-11D3-BF4B-00C04F79EFBC}") = "EasyDotnet.RoslynLanguageServices", "EasyDotnet.RoslynLanguageServices\EasyDotnet.RoslynLanguageServices.csproj", "{5B273057-2229-4B89-B256-DDAA791B7FB4}"
EndProject
Project("{FAE04EC0-301F-11D3-BF4B-00C04F79EFBC}") = "EasyDotnet.RoslynLanguageServices.Tests", "EasyDotnet.RoslynLanguageServices.Tests\EasyDotnet.RoslynLanguageServices.Tests.csproj", "{C4357AF8-C5AC-48F6-AEB9-8D13BE47121D}"
EndProject
Project("{FAE04EC0-301F-11D3-BF4B-00C04F79EFBC}") = "EasyDotnet.RoslynLanguageServices.Playground", "EasyDotnet.RoslynLanguageServices.Playground\EasyDotnet.RoslynLanguageServices.Playground.csproj", "{97024294-76FB-4826-B273-AEFACC24D87D}"
EndProject
Global
	GlobalSection(SolutionConfigurationPlatforms) = preSolution
		Debug|Any CPU = Debug|Any CPU
		Debug|x64 = Debug|x64
		Debug|x86 = Debug|x86
		Release|Any CPU = Release|Any CPU
		Release|x64 = Release|x64
		Release|x86 = Release|x86
	EndGlobalSection
	GlobalSection(ProjectConfigurationPlatforms) = postSolution
		{88F10753-C6CE-42BD-BA96-02D760DF5635}.Debug|Any CPU.ActiveCfg = Debug|Any CPU
		{88F10753-C6CE-42BD-BA96-02D760DF5635}.Debug|Any CPU.Build.0 = Debug|Any CPU
		{88F10753-C6CE-42BD-BA96-02D760DF5635}.Debug|x64.ActiveCfg = Debug|Any CPU
		{88F10753-C6CE-42BD-BA96-02D760DF5635}.Debug|x64.Build.0 = Debug|Any CPU
		{88F10753-C6CE-42BD-BA96-02D760DF5635}.Debug|x86.ActiveCfg = Debug|Any CPU
		{88F10753-C6CE-42BD-BA96-02D760DF5635}.Debug|x86.Build.0 = Debug|Any CPU
		{88F10753-C6CE-42BD-BA96-02D760DF5635}.Release|Any CPU.ActiveCfg = Release|Any CPU
		{88F10753-C6CE-42BD-BA96-02D760DF5635}.Release|Any CPU.Build.0 = Release|Any CPU
		{88F10753-C6CE-42BD-BA96-02D760DF5635}.Release|x64.ActiveCfg = Release|Any CPU
		{88F10753-C6CE-42BD-BA96-02D760DF5635}.Release|x64.Build.0 = Release|Any CPU
		{88F10753-C6CE-42BD-BA96-02D760DF5635}.Release|x86.ActiveCfg = Release|Any CPU
		{88F10753-C6CE-42BD-BA96-02D760DF5635}.Release|x86.Build.0 = Release|Any CPU
		{B4204153-D501-42D2-BD80-A9644FE45825}.Debug|Any CPU.ActiveCfg = Debug|Any CPU
		{B4204153-D501-42D2-BD80-A9644FE45825}.Debug|Any CPU.Build.0 = Debug|Any CPU
		{B4204153-D501-42D2-BD80-A9644FE45825}.Debug|x64.ActiveCfg = Debug|Any CPU
		{B4204153-D501-42D2-BD80-A9644FE45825}.Debug|x64.Build.0 = Debug|Any CPU
		{B4204153-D501-42D2-BD80-A9644FE45825}.Debug|x86.ActiveCfg = Debug|Any CPU
		{B4204153-D501-42D2-BD80-A9644FE45825}.Debug|x86.Build.0 = Debug|Any CPU
		{B4204153-D501-42D2-BD80-A9644FE45825}.Release|Any CPU.ActiveCfg = Release|Any CPU
		{B4204153-D501-42D2-BD80-A9644FE45825}.Release|Any CPU.Build.0 = Release|Any CPU
		{B4204153-D501-42D2-BD80-A9644FE45825}.Release|x64.ActiveCfg = Release|Any CPU
		{B4204153-D501-42D2-BD80-A9644FE45825}.Release|x64.Build.0 = Release|Any CPU
		{B4204153-D501-42D2-BD80-A9644FE45825}.Release|x86.ActiveCfg = Release|Any CPU
		{B4204153-D501-42D2-BD80-A9644FE45825}.Release|x86.Build.0 = Release|Any CPU
		{608956D0-940F-4079-929F-57F4BB1E1F38}.Debug|Any CPU.ActiveCfg = Debug|Any CPU
		{608956D0-940F-4079-929F-57F4BB1E1F38}.Debug|Any CPU.Build.0 = Debug|Any CPU
		{608956D0-940F-4079-929F-57F4BB1E1F38}.Debug|x64.ActiveCfg = Debug|Any CPU
		{608956D0-940F-4079-929F-57F4BB1E1F38}.Debug|x64.Build.0 = Debug|Any CPU
		{608956D0-940F-4079-929F-57F4BB1E1F38}.Debug|x86.ActiveCfg = Debug|Any CPU
		{608956D0-940F-4079-929F-57F4BB1E1F38}.Debug|x86.Build.0 = Debug|Any CPU
		{608956D0-940F-4079-929F-57F4BB1E1F38}.Release|Any CPU.ActiveCfg = Release|Any CPU
		{608956D0-940F-4079-929F-57F4BB1E1F38}.Release|Any CPU.Build.0 = Release|Any CPU
		{608956D0-940F-4079-929F-57F4BB1E1F38}.Release|x64.ActiveCfg = Release|Any CPU
		{608956D0-940F-4079-929F-57F4BB1E1F38}.Release|x64.Build.0 = Release|Any CPU
		{608956D0-940F-4079-929F-57F4BB1E1F38}.Release|x86.ActiveCfg = Release|Any CPU
		{608956D0-940F-4079-929F-57F4BB1E1F38}.Release|x86.Build.0 = Release|Any CPU
		{7AD2FF24-9D01-402E-94E8-9A6B3A6794A1}.Debug|Any CPU.ActiveCfg = Debug|Any CPU
		{7AD2FF24-9D01-402E-94E8-9A6B3A6794A1}.Debug|Any CPU.Build.0 = Debug|Any CPU
		{7AD2FF24-9D01-402E-94E8-9A6B3A6794A1}.Debug|x64.ActiveCfg = Debug|Any CPU
		{7AD2FF24-9D01-402E-94E8-9A6B3A6794A1}.Debug|x64.Build.0 = Debug|Any CPU
		{7AD2FF24-9D01-402E-94E8-9A6B3A6794A1}.Debug|x86.ActiveCfg = Debug|Any CPU
		{7AD2FF24-9D01-402E-94E8-9A6B3A6794A1}.Debug|x86.Build.0 = Debug|Any CPU
		{7AD2FF24-9D01-402E-94E8-9A6B3A6794A1}.Release|Any CPU.ActiveCfg = Release|Any CPU
		{7AD2FF24-9D01-402E-94E8-9A6B3A6794A1}.Release|Any CPU.Build.0 = Release|Any CPU
		{7AD2FF24-9D01-402E-94E8-9A6B3A6794A1}.Release|x64.ActiveCfg = Release|Any CPU
		{7AD2FF24-9D01-402E-94E8-9A6B3A6794A1}.Release|x64.Build.0 = Release|Any CPU
		{7AD2FF24-9D01-402E-94E8-9A6B3A6794A1}.Release|x86.ActiveCfg = Release|Any CPU
		{7AD2FF24-9D01-402E-94E8-9A6B3A6794A1}.Release|x86.Build.0 = Release|Any CPU
		{6A9ECD45-46D6-4242-ADC8-AFB371D0B563}.Debug|Any CPU.ActiveCfg = Debug|Any CPU
		{6A9ECD45-46D6-4242-ADC8-AFB371D0B563}.Debug|Any CPU.Build.0 = Debug|Any CPU
		{6A9ECD45-46D6-4242-ADC8-AFB371D0B563}.Debug|x64.ActiveCfg = Debug|Any CPU
		{6A9ECD45-46D6-4242-ADC8-AFB371D0B563}.Debug|x64.Build.0 = Debug|Any CPU
		{6A9ECD45-46D6-4242-ADC8-AFB371D0B563}.Debug|x86.ActiveCfg = Debug|Any CPU
		{6A9ECD45-46D6-4242-ADC8-AFB371D0B563}.Debug|x86.Build.0 = Debug|Any CPU
		{6A9ECD45-46D6-4242-ADC8-AFB371D0B563}.Release|Any CPU.ActiveCfg = Release|Any CPU
		{6A9ECD45-46D6-4242-ADC8-AFB371D0B563}.Release|Any CPU.Build.0 = Release|Any CPU
		{6A9ECD45-46D6-4242-ADC8-AFB371D0B563}.Release|x64.ActiveCfg = Release|Any CPU
		{6A9ECD45-46D6-4242-ADC8-AFB371D0B563}.Release|x64.Build.0 = Release|Any CPU
		{6A9ECD45-46D6-4242-ADC8-AFB371D0B563}.Release|x86.ActiveCfg = Release|Any CPU
		{6A9ECD45-46D6-4242-ADC8-AFB371D0B563}.Release|x86.Build.0 = Release|Any CPU
		{ED47B47E-8B57-4DC6-AE9C-BB33EE914106}.Debug|Any CPU.ActiveCfg = Debug|Any CPU
		{ED47B47E-8B57-4DC6-AE9C-BB33EE914106}.Debug|Any CPU.Build.0 = Debug|Any CPU
		{ED47B47E-8B57-4DC6-AE9C-BB33EE914106}.Debug|x64.ActiveCfg = Debug|Any CPU
		{ED47B47E-8B57-4DC6-AE9C-BB33EE914106}.Debug|x64.Build.0 = Debug|Any CPU
		{ED47B47E-8B57-4DC6-AE9C-BB33EE914106}.Debug|x86.ActiveCfg = Debug|Any CPU
		{ED47B47E-8B57-4DC6-AE9C-BB33EE914106}.Debug|x86.Build.0 = Debug|Any CPU
		{ED47B47E-8B57-4DC6-AE9C-BB33EE914106}.Release|Any CPU.ActiveCfg = Release|Any CPU
		{ED47B47E-8B57-4DC6-AE9C-BB33EE914106}.Release|Any CPU.Build.0 = Release|Any CPU
		{ED47B47E-8B57-4DC6-AE9C-BB33EE914106}.Release|x64.ActiveCfg = Release|Any CPU
		{ED47B47E-8B57-4DC6-AE9C-BB33EE914106}.Release|x64.Build.0 = Release|Any CPU
		{ED47B47E-8B57-4DC6-AE9C-BB33EE914106}.Release|x86.ActiveCfg = Release|Any CPU
		{ED47B47E-8B57-4DC6-AE9C-BB33EE914106}.Release|x86.Build.0 = Release|Any CPU
		{950FB188-68CF-411A-917B-C60B91AE894A}.Debug|Any CPU.ActiveCfg = Debug|Any CPU
		{950FB188-68CF-411A-917B-C60B91AE894A}.Debug|Any CPU.Build.0 = Debug|Any CPU
		{950FB188-68CF-411A-917B-C60B91AE894A}.Debug|x64.ActiveCfg = Debug|Any CPU
		{950FB188-68CF-411A-917B-C60B91AE894A}.Debug|x64.Build.0 = Debug|Any CPU
		{950FB188-68CF-411A-917B-C60B91AE894A}.Debug|x86.ActiveCfg = Debug|Any CPU
		{950FB188-68CF-411A-917B-C60B91AE894A}.Debug|x86.Build.0 = Debug|Any CPU
		{950FB188-68CF-411A-917B-C60B91AE894A}.Release|Any CPU.ActiveCfg = Release|Any CPU
		{950FB188-68CF-411A-917B-C60B91AE894A}.Release|Any CPU.Build.0 = Release|Any CPU
		{950FB188-68CF-411A-917B-C60B91AE894A}.Release|x64.ActiveCfg = Release|Any CPU
		{950FB188-68CF-411A-917B-C60B91AE894A}.Release|x64.Build.0 = Release|Any CPU
		{950FB188-68CF-411A-917B-C60B91AE894A}.Release|x86.ActiveCfg = Release|Any CPU
		{950FB188-68CF-411A-917B-C60B91AE894A}.Release|x86.Build.0 = Release|Any CPU
		{0306958F-7A66-4A85-ABF3-B531A4307D46}.Debug|Any CPU.ActiveCfg = Debug|Any CPU
		{0306958F-7A66-4A85-ABF3-B531A4307D46}.Debug|Any CPU.Build.0 = Debug|Any CPU
		{0306958F-7A66-4A85-ABF3-B531A4307D46}.Debug|x64.ActiveCfg = Debug|Any CPU
		{0306958F-7A66-4A85-ABF3-B531A4307D46}.Debug|x64.Build.0 = Debug|Any CPU
		{0306958F-7A66-4A85-ABF3-B531A4307D46}.Debug|x86.ActiveCfg = Debug|Any CPU
		{0306958F-7A66-4A85-ABF3-B531A4307D46}.Debug|x86.Build.0 = Debug|Any CPU
		{0306958F-7A66-4A85-ABF3-B531A4307D46}.Release|Any CPU.ActiveCfg = Release|Any CPU
		{0306958F-7A66-4A85-ABF3-B531A4307D46}.Release|Any CPU.Build.0 = Release|Any CPU
		{0306958F-7A66-4A85-ABF3-B531A4307D46}.Release|x64.ActiveCfg = Release|Any CPU
		{0306958F-7A66-4A85-ABF3-B531A4307D46}.Release|x64.Build.0 = Release|Any CPU
		{0306958F-7A66-4A85-ABF3-B531A4307D46}.Release|x86.ActiveCfg = Release|Any CPU
		{0306958F-7A66-4A85-ABF3-B531A4307D46}.Release|x86.Build.0 = Release|Any CPU
		{9D0B8ED4-ECC3-48D3-9B61-844DBF97DC34}.Debug|Any CPU.ActiveCfg = Debug|Any CPU
		{9D0B8ED4-ECC3-48D3-9B61-844DBF97DC34}.Debug|Any CPU.Build.0 = Debug|Any CPU
		{9D0B8ED4-ECC3-48D3-9B61-844DBF97DC34}.Debug|x64.ActiveCfg = Debug|Any CPU
		{9D0B8ED4-ECC3-48D3-9B61-844DBF97DC34}.Debug|x64.Build.0 = Debug|Any CPU
		{9D0B8ED4-ECC3-48D3-9B61-844DBF97DC34}.Debug|x86.ActiveCfg = Debug|Any CPU
		{9D0B8ED4-ECC3-48D3-9B61-844DBF97DC34}.Debug|x86.Build.0 = Debug|Any CPU
		{9D0B8ED4-ECC3-48D3-9B61-844DBF97DC34}.Release|Any CPU.ActiveCfg = Release|Any CPU
		{9D0B8ED4-ECC3-48D3-9B61-844DBF97DC34}.Release|Any CPU.Build.0 = Release|Any CPU
		{9D0B8ED4-ECC3-48D3-9B61-844DBF97DC34}.Release|x64.ActiveCfg = Release|Any CPU
		{9D0B8ED4-ECC3-48D3-9B61-844DBF97DC34}.Release|x64.Build.0 = Release|Any CPU
		{9D0B8ED4-ECC3-48D3-9B61-844DBF97DC34}.Release|x86.ActiveCfg = Release|Any CPU
		{9D0B8ED4-ECC3-48D3-9B61-844DBF97DC34}.Release|x86.Build.0 = Release|Any CPU
		{776612F7-3EC3-4DAE-9B95-144BCF1094BE}.Debug|Any CPU.ActiveCfg = Debug|Any CPU
		{776612F7-3EC3-4DAE-9B95-144BCF1094BE}.Debug|Any CPU.Build.0 = Debug|Any CPU
		{776612F7-3EC3-4DAE-9B95-144BCF1094BE}.Debug|x64.ActiveCfg = Debug|Any CPU
		{776612F7-3EC3-4DAE-9B95-144BCF1094BE}.Debug|x64.Build.0 = Debug|Any CPU
		{776612F7-3EC3-4DAE-9B95-144BCF1094BE}.Debug|x86.ActiveCfg = Debug|Any CPU
		{776612F7-3EC3-4DAE-9B95-144BCF1094BE}.Debug|x86.Build.0 = Debug|Any CPU
		{776612F7-3EC3-4DAE-9B95-144BCF1094BE}.Release|Any CPU.ActiveCfg = Release|Any CPU
		{776612F7-3EC3-4DAE-9B95-144BCF1094BE}.Release|Any CPU.Build.0 = Release|Any CPU
		{776612F7-3EC3-4DAE-9B95-144BCF1094BE}.Release|x64.ActiveCfg = Release|Any CPU
		{776612F7-3EC3-4DAE-9B95-144BCF1094BE}.Release|x64.Build.0 = Release|Any CPU
		{776612F7-3EC3-4DAE-9B95-144BCF1094BE}.Release|x86.ActiveCfg = Release|Any CPU
		{776612F7-3EC3-4DAE-9B95-144BCF1094BE}.Release|x86.Build.0 = Release|Any CPU
		{5AB772EA-3A76-41AE-86F1-FB22AFCC0A2D}.Debug|Any CPU.ActiveCfg = Debug|Any CPU
		{5AB772EA-3A76-41AE-86F1-FB22AFCC0A2D}.Debug|Any CPU.Build.0 = Debug|Any CPU
		{5AB772EA-3A76-41AE-86F1-FB22AFCC0A2D}.Debug|x64.ActiveCfg = Debug|Any CPU
		{5AB772EA-3A76-41AE-86F1-FB22AFCC0A2D}.Debug|x64.Build.0 = Debug|Any CPU
		{5AB772EA-3A76-41AE-86F1-FB22AFCC0A2D}.Debug|x86.ActiveCfg = Debug|Any CPU
		{5AB772EA-3A76-41AE-86F1-FB22AFCC0A2D}.Debug|x86.Build.0 = Debug|Any CPU
		{5AB772EA-3A76-41AE-86F1-FB22AFCC0A2D}.Release|Any CPU.ActiveCfg = Release|Any CPU
		{5AB772EA-3A76-41AE-86F1-FB22AFCC0A2D}.Release|Any CPU.Build.0 = Release|Any CPU
		{5AB772EA-3A76-41AE-86F1-FB22AFCC0A2D}.Release|x64.ActiveCfg = Release|Any CPU
		{5AB772EA-3A76-41AE-86F1-FB22AFCC0A2D}.Release|x64.Build.0 = Release|Any CPU
		{5AB772EA-3A76-41AE-86F1-FB22AFCC0A2D}.Release|x86.ActiveCfg = Release|Any CPU
		{5AB772EA-3A76-41AE-86F1-FB22AFCC0A2D}.Release|x86.Build.0 = Release|Any CPU
		{5B273057-2229-4B89-B256-DDAA791B7FB4}.Debug|Any CPU.ActiveCfg = Debug|Any CPU
		{5B273057-2229-4B89-B256-DDAA791B7FB4}.Debug|Any CPU.Build.0 = Debug|Any CPU
		{5B273057-2229-4B89-B256-DDAA791B7FB4}.Debug|x64.ActiveCfg = Debug|Any CPU
		{5B273057-2229-4B89-B256-DDAA791B7FB4}.Debug|x64.Build.0 = Debug|Any CPU
		{5B273057-2229-4B89-B256-DDAA791B7FB4}.Debug|x86.ActiveCfg = Debug|Any CPU
		{5B273057-2229-4B89-B256-DDAA791B7FB4}.Debug|x86.Build.0 = Debug|Any CPU
		{5B273057-2229-4B89-B256-DDAA791B7FB4}.Release|Any CPU.ActiveCfg = Release|Any CPU
		{5B273057-2229-4B89-B256-DDAA791B7FB4}.Release|Any CPU.Build.0 = Release|Any CPU
		{5B273057-2229-4B89-B256-DDAA791B7FB4}.Release|x64.ActiveCfg = Release|Any CPU
		{5B273057-2229-4B89-B256-DDAA791B7FB4}.Release|x64.Build.0 = Release|Any CPU
		{5B273057-2229-4B89-B256-DDAA791B7FB4}.Release|x86.ActiveCfg = Release|Any CPU
		{5B273057-2229-4B89-B256-DDAA791B7FB4}.Release|x86.Build.0 = Release|Any CPU
		{C4357AF8-C5AC-48F6-AEB9-8D13BE47121D}.Debug|Any CPU.ActiveCfg = Debug|Any CPU
		{C4357AF8-C5AC-48F6-AEB9-8D13BE47121D}.Debug|Any CPU.Build.0 = Debug|Any CPU
		{C4357AF8-C5AC-48F6-AEB9-8D13BE47121D}.Debug|x64.ActiveCfg = Debug|Any CPU
		{C4357AF8-C5AC-48F6-AEB9-8D13BE47121D}.Debug|x64.Build.0 = Debug|Any CPU
		{C4357AF8-C5AC-48F6-AEB9-8D13BE47121D}.Debug|x86.ActiveCfg = Debug|Any CPU
		{C4357AF8-C5AC-48F6-AEB9-8D13BE47121D}.Debug|x86.Build.0 = Debug|Any CPU
		{C4357AF8-C5AC-48F6-AEB9-8D13BE47121D}.Release|Any CPU.ActiveCfg = Release|Any CPU
		{C4357AF8-C5AC-48F6-AEB9-8D13BE47121D}.Release|Any CPU.Build.0 = Release|Any CPU
		{C4357AF8-C5AC-48F6-AEB9-8D13BE47121D}.Release|x64.ActiveCfg = Release|Any CPU
		{C4357AF8-C5AC-48F6-AEB9-8D13BE47121D}.Release|x64.Build.0 = Release|Any CPU
		{C4357AF8-C5AC-48F6-AEB9-8D13BE47121D}.Release|x86.ActiveCfg = Release|Any CPU
		{C4357AF8-C5AC-48F6-AEB9-8D13BE47121D}.Release|x86.Build.0 = Release|Any CPU
		{97024294-76FB-4826-B273-AEFACC24D87D}.Debug|Any CPU.ActiveCfg = Debug|Any CPU
		{97024294-76FB-4826-B273-AEFACC24D87D}.Debug|Any CPU.Build.0 = Debug|Any CPU
		{97024294-76FB-4826-B273-AEFACC24D87D}.Debug|x64.ActiveCfg = Debug|Any CPU
		{97024294-76FB-4826-B273-AEFACC24D87D}.Debug|x64.Build.0 = Debug|Any CPU
		{97024294-76FB-4826-B273-AEFACC24D87D}.Debug|x86.ActiveCfg = Debug|Any CPU
		{97024294-76FB-4826-B273-AEFACC24D87D}.Debug|x86.Build.0 = Debug|Any CPU
		{97024294-76FB-4826-B273-AEFACC24D87D}.Release|Any CPU.ActiveCfg = Release|Any CPU
		{97024294-76FB-4826-B273-AEFACC24D87D}.Release|Any CPU.Build.0 = Release|Any CPU
		{97024294-76FB-4826-B273-AEFACC24D87D}.Release|x64.ActiveCfg = Release|Any CPU
		{97024294-76FB-4826-B273-AEFACC24D87D}.Release|x64.Build.0 = Release|Any CPU
		{97024294-76FB-4826-B273-AEFACC24D87D}.Release|x86.ActiveCfg = Release|Any CPU
		{97024294-76FB-4826-B273-AEFACC24D87D}.Release|x86.Build.0 = Release|Any CPU
	EndGlobalSection
	GlobalSection(SolutionProperties) = preSolution
		HideSolutionNode = FALSE
	EndGlobalSection
EndGlobal
